# This file is automatically @generated by Poetry 1.8.3 and should not be changed by hand.

[[package]]
name = "colorama"
version = "0.4.6"
description = "Cross-platform colored terminal text."
optional = false
python-versions = "!=3.0.*,!=3.1.*,!=3.2.*,!=3.3.*,!=3.4.*,!=3.5.*,!=3.6.*,>=2.7"
files = [
    {file = "colorama-0.4.6-py2.py3-none-any.whl", hash = "sha256:4f1d9991f5acc0ca119f9d443620b77f9d6b33703e51011c16baf57afb285fc6"},
    {file = "colorama-0.4.6.tar.gz", hash = "sha256:08695f5cb7ed6e0531a20572697297273c47b8cae5a63ffc6d6ed5c201be6e44"},
]

[[package]]
name = "exceptiongroup"
version = "1.3.1"
description = "Backport of PEP 654 (exception groups)"
optional = false
python-versions = ">=3.7"
files = [
    {file = "exceptiongroup-1.3.1-py3-none-any.whl", hash = "sha256:a7a39a3bd276781e98394987d3a5701d0c4edffb633bb7a5144577f82c773598"},
    {file = "exceptiongroup-1.3.1.tar.gz", hash = "sha256:8b412432c6055b0b7d14c310000ae93352ed6754f70fa8f7c34141f91c4e3219"},
]

[package.dependencies]
typing-extensions = {version = ">=4.6.0", markers = "python_version < \"3.13\""}

[package.extras]
test = ["pytest (>=6)"]

[[package]]
name = "iniconfig"
version = "2.3.0"
description = "brain-dead simple config-ini parsing"
optional = false
python-versions = ">=3.10"
files = [
    {file = "iniconfig-2.3.0-py3-none-any.whl", hash = "sha256:f631c04d2c48c52b84d0d0549c99ff3859c98df65b3101406327ecc7d53fbf12"},
    {file = "iniconfig-2.3.0.tar.gz", hash = "sha256:c76315c77db068650d49c5b56314774a7804df16fee4402c1f19d6d15d8c4730"},
]

[[package]]
name = "packaging"
version = "26.0"
description = "Core utilities for Python packages"
optional = false
python-versions = ">=3.8"
files = [
    {file = "packaging-26.0-py3-none-any.whl", hash = "sha256:b36f1fef9334a5588b4166f8bcd26a14e521f2b55e6b9de3aaa80d3ff7a37529"},
    {file = "packaging-26.0.tar.gz", hash = "sha256:00243ae351a257117b6a241061796684b084ed1c516a08c48a3f7e147a9d80b4"},
]

[[package]]
name = "pluggy"
version = "1.6.0"
description = "plugin and hook calling mechanisms for python"
optional = false
python-versions = ">=3.9"
files = [
    {file = "pluggy-1.6.0-py3-none-any.whl", hash = "sha256:e920276dd6813095e9377c0bc5566d94c932c33b27a3e3945d8389c374dd4746"},
    {file = "pluggy-1.6.0.tar.gz", hash = "sha256:7dcc130b76258d33b90f61b658791dede3486c3e6bfb003ee5c9bfb396dd22f3"},
]

[package.extras]
dev = ["pre-commit", "tox"]
testing = ["coverage", "pytest", "pytest-benchmark"]

[[package]]
name = "pygments"
version = "2.19.2"
description = "Pygments is a syntax highlighting package written in Python."
optional = false
python-versions = ">=3.8"
files = [
    {file = "pygments-2.19.2-py3-none-any.whl", hash = "sha256:86540386c03d588bb81d44bc3928634ff26449851e99741617ecb9037ee5ec0b"},
    {file = "pygments-2.19.2.tar.gz", hash = "sha256:636cb2477cec7f8952536970bc533bc43743542f70392ae026374600add5b887"},
]

[package.extras]
windows-terminal = ["colorama (>=0.4.6)"]

[[package]]
name = "pytest"
version = "9.0.2"
description = "pytest: simple powerful testing with Python"
optional = false
python-versions = ">=3.10"
files = [
    {file = "pytest-9.0.2-py3-none-any.whl", hash = "sha256:711ffd45bf766d5264d487b917733b453d917afd2b0ad65223959f59089f875b"},
    {file = "pytest-9.0.2.tar.gz", hash = "sha256:75186651a92bd89611d1d9fc20f0b4345fd827c41ccd5c299a868a05d70edf11"},
]

[package.dependencies]
colorama = {version = ">=0.4", markers = "sys_platform == \"win32\""}
exceptiongroup = {version = ">=1", markers = "python_version < \"3.11\""}
iniconfig = ">=1.0.1"
packaging = ">=22"
pluggy = ">=1.5,<2"
pygments = ">=2.7.2"
tomli = {version = ">=1", markers = "python_version < \"3.11\""}

[package.extras]
dev = ["argcomplete", "attrs (>=19.2)", "hypothesis (>=3.56)", "mock", "requests", "setuptools", "xmlschema"]

[[package]]
name = "regex"
version = "2026.2.28"
description = "Alternative regular expression module, to replace re."
optional = false
python-versions = ">=3.10"
files = [
    {file = "regex-2026.2.28-cp310-cp310-macosx_10_9_universal2.whl", hash = "sha256:fc48c500838be6882b32748f60a15229d2dea96e59ef341eaa96ec83538f498d"},
    {file = "regex-2026.2.28-cp310-cp310-macosx_10_9_x86_64.whl", hash = "sha256:2afa673660928d0b63d84353c6c08a8a476ddfc4a47e11742949d182e6863ce8"},
    {file = "regex-2026.2.28-cp310-cp310-macosx_11_0_arm64.whl", hash = "sha256:7ab218076eb0944549e7fe74cf0e2b83a82edb27e81cc87411f76240865e04d5"},
    {file = "regex-2026.2.28-cp310-cp310-manylinux2014_aarch64.manylinux_2_17_aarch64.manylinux_2_28_aarch64.whl", hash = "sha256:94d63db12e45a9b9f064bfe4800cefefc7e5f182052e4c1b774d46a40ab1d9bb"},
    {file = "regex-2026.2.28-cp310-cp310-manylinux2014_ppc64le.manylinux_2_17_ppc64le.manylinux_2_28_ppc64le.whl", hash = "sha256:195237dc327858a7721bf8b0bbbef797554bc13563c3591e91cd0767bacbe359"},
    {file = "regex-2026.2.28-cp310-cp310-manylinux2014_s390x.manylinux_2_17_s390x.manylinux_2_28_s390x.whl", hash = "sha256:b387a0d092dac157fb026d737dde35ff3e49ef27f285343e7c6401851239df27"},
    {file = "regex-2026.2.28-cp310-cp310-manylinux2014_x86_64.manylinux_2_17_x86_64.manylinux_2_28_x86_64.whl", hash = "sha256:3935174fa4d9f70525a4367aaff3cb8bc0548129d114260c29d9dfa4a5b41692"},
    {file = "regex-2026.2.28-cp310-cp310-manylinux2014_x86_64.manylinux_2_17_x86_64.whl", hash = "sha256:2b2b23587b26496ff5fd40df4278becdf386813ec00dc3533fa43a4cf0e2ad3c"},
    {file = "regex-2026.2.28-cp310-cp310-manylinux_2_31_riscv64.manylinux_2_39_riscv64.whl", hash = "sha256:3b24bd7e9d85dc7c6a8bd2aa14ecd234274a0248335a02adeb25448aecdd420d"},
    {file = "regex-2026.2.28-cp310-cp310-musllinux_1_2_aarch64.whl", hash = "sha256:bd477d5f79920338107f04aa645f094032d9e3030cc55be581df3d1ef61aa318"},
    {file = "regex-2026.2.28-cp310-cp310-musllinux_1_2_ppc64le.whl", hash = "sha256:b49eb78048c6354f49e91e4b77da21257fecb92256b6d599ae44403cab30b05b"},
    {file = "regex-2026.2.28-cp310-cp310-musllinux_1_2_riscv64.whl", hash = "sha256:a25c7701e4f7a70021db9aaf4a4a0a67033c6318752146e03d1b94d32006217e"},
    {file = "regex-2026.2.28-cp310-cp310-musllinux_1_2_s390x.whl", hash = "sha256:9dd450db6458387167e033cfa80887a34c99c81d26da1bf8b0b41bf8c9cac88e"},
    {file = "regex-2026.2.28-cp310-cp310-musllinux_1_2_x86_64.whl", hash = "sha256:2954379dd20752e82d22accf3ff465311cbb2bac6c1f92c4afd400e1757f7451"},
    {file = "regex-2026.2.28-cp310-cp310-win32.whl", hash = "sha256:1f8b17be5c27a684ea6759983c13506bd77bfc7c0347dff41b18ce5ddd2ee09a"},
    {file = "regex-2026.2.28-cp310-cp310-win_amd64.whl", hash = "sha256:dd8847c4978bc3c7e6c826fb745f5570e518b8459ac2892151ce6627c7bc00d5"},
    {file = "regex-2026.2.28-cp310-cp310-win_arm64.whl", hash = "sha256:73cdcdbba8028167ea81490c7f45280113e41db2c7afb65a276f4711fa3bcbff"},
    {file = "regex-2026.2.28-cp311-cp311-macosx_10_9_universal2.whl", hash = "sha256:e621fb7c8dc147419b28e1702f58a0177ff8308a76fa295c71f3e7827849f5d9"},
    {file = "regex-2026.2.28-cp311-cp311-macosx_10_9_x86_64.whl", hash = "sha256:0d5bef2031cbf38757a0b0bc4298bb4824b6332d28edc16b39247228fbdbad97"},
    {file = "regex-2026.2.28-cp311-cp311-macosx_11_0_arm64.whl", hash = "sha256:bcb399ed84eabf4282587ba151f2732ad8168e66f1d3f85b1d038868fe547703"},
    {file = "regex-2026.2.28-cp311-cp311-manylinux2014_aarch64.manylinux_2_17_aarch64.manylinux_2_28_aarch64.whl", hash = "sha256:7c1b34dfa72f826f535b20712afa9bb3ba580020e834f3c69866c5bddbf10098"},
    {file = "regex-2026.2.28-cp311-cp311-manylinux2014_ppc64le.manylinux_2_17_ppc64le.manylinux_2_28_ppc64le.whl", hash = "sha256:851fa70df44325e1e4cdb79c5e676e91a78147b1b543db2aec8734d2add30ec2"},
    {file = "regex-2026.2.28-cp311-cp311-manylinux2014_s390x.manylinux_2_17_s390x.manylinux_2_28_s390x.whl", hash = "sha256:516604edd17b1c2c3e579cf4e9b25a53bf8fa6e7cedddf1127804d3e0140ca64"},
    {file = "regex-2026.2.28-cp311-cp311-manylinux2014_x86_64.manylinux_2_17_x86_64.manylinux_2_28_x86_64.whl", hash = "sha256:e7ce83654d1ab701cb619285a18a8e5a889c1216d746ddc710c914ca5fd71022"},
    {file = "regex-2026.2.28-cp311-cp311-manylinux_2_31_riscv64.manylinux_2_39_riscv64.whl", hash = "sha256:f2791948f7c70bb9335a9102df45e93d428f4b8128020d85920223925d73b9e1"},
    {file = "regex-2026.2.28-cp311-cp311-musllinux_1_2_aarch64.whl", hash = "sha256:03a83cc26aa2acda6b8b9dfe748cf9e84cbd390c424a1de34fdcef58961a297a"},
    {file = "regex-2026.2.28-cp311-cp311-musllinux_1_2_ppc64le.whl", hash = "sha256:ec6f5674c5dc836994f50f1186dd1fafde4be0666aae201ae2fcc3d29d8adf27"},
    {file = "regex-2026.2.28-cp311-cp311-musllinux_1_2_riscv64.whl", hash = "sha256:50c2fc924749543e0eacc93ada6aeeb3ea5f6715825624baa0dccaec771668ae"},
    {file = "regex-2026.2.28-cp311-cp311-musllinux_1_2_s390x.whl", hash = "sha256:ba55c50f408fb5c346a3a02d2ce0ebc839784e24f7c9684fde328ff063c3cdea"},
    {file = "regex-2026.2.28-cp311-cp311-musllinux_1_2_x86_64.whl", hash = "sha256:edb1b1b3a5576c56f08ac46f108c40333f222ebfd5cf63afdfa3aab0791ebe5b"},
    {file = "regex-2026.2.28-cp311-cp311-win32.whl", hash = "sha256:948c12ef30ecedb128903c2c2678b339746eb7c689c5c21957c4a23950c96d15"},
    {file = "regex-2026.2.28-cp311-cp311-win_amd64.whl", hash = "sha256:fd63453f10d29097cc3dc62d070746523973fb5aa1c66d25f8558bebd47fed61"},
    {file = "regex-2026.2.28-cp311-cp311-win_arm64.whl", hash = "sha256:00f2b8d9615aa165fdff0a13f1a92049bfad555ee91e20d246a51aa0b556c60a"},
    {file = "regex-2026.2.28-cp312-cp312-macosx_10_13_universal2.whl", hash = "sha256:fcf26c3c6d0da98fada8ae4ef0aa1c3405a431c0a77eb17306d38a89b02adcd7"},
    {file = "regex-2026.2.28-cp312-cp312-macosx_10_13_x86_64.whl", hash = "sha256:02473c954af35dd2defeb07e44182f5705b30ea3f351a7cbffa9177beb14da5d"},
    {file = "regex-2026.2.28-cp312-cp312-macosx_11_0_arm64.whl", hash = "sha256:9b65d33a17101569f86d9c5966a8b1d7fbf8afdda5a8aa219301b0a80f58cf7d"},
    {file = "regex-2026.2.28-cp312-cp312-manylinux2014_aarch64.manylinux_2_17_aarch64.manylinux_2_28_aarch64.whl", hash = "sha256:e71dcecaa113eebcc96622c17692672c2d104b1d71ddf7adeda90da7ddeb26fc"},
    {file = "regex-2026.2.28-cp312-cp312-manylinux2014_ppc64le.manylinux_2_17_ppc64le.manylinux_2_28_ppc64le.whl", hash = "sha256:481df4623fa4969c8b11f3433ed7d5e3dc9cec0f008356c3212b3933fb77e3d8"},
    {file = "regex-2026.2.28-cp312-cp312-manylinux2014_s390x.manylinux_2_17_s390x.manylinux_2_28_s390x.whl", hash = "sha256:64e7c6ad614573e0640f271e811a408d79a9e1fe62a46adb602f598df42a818d"},
    {file = "regex-2026.2.28-cp312-cp312-manylinux2014_x86_64.manylinux_2_17_x86_64.manylinux_2_28_x86_64.whl", hash = "sha256:d6b08a06976ff4fb0d83077022fde3eca06c55432bb997d8c0495b9a4e9872f4"},
    {file = "regex-2026.2.28-cp312-cp312-manylinux_2_31_riscv64.manylinux_2_39_riscv64.whl", hash = "sha256:864cdd1a2ef5716b0ab468af40139e62ede1b3a53386b375ec0786bb6783fc05"},
    {file = "regex-2026.2.28-cp312-cp312-musllinux_1_2_aarch64.whl", hash = "sha256:511f7419f7afab475fd4d639d4aedfc54205bcb0800066753ef68a59f0f330b5"},
    {file = "regex-2026.2.28-cp312-cp312-musllinux_1_2_ppc64le.whl", hash = "sha256:b42f7466e32bf15a961cf09f35fa6323cc72e64d3d2c990b10de1274a5da0a59"},
    {file = "regex-2026.2.28-cp312-cp312-musllinux_1_2_riscv64.whl", hash = "sha256:8710d61737b0c0ce6836b1da7109f20d495e49b3809f30e27e9560be67a257bf"},
    {file = "regex-2026.2.28-cp312-cp312-musllinux_1_2_s390x.whl", hash = "sha256:4390c365fd2d45278f45afd4673cb90f7285f5701607e3ad4274df08e36140ae"},
    {file = "regex-2026.2.28-cp312-cp312-musllinux_1_2_x86_64.whl", hash = "sha256:cb3b1db8ff6c7b8bf838ab05583ea15230cb2f678e569ab0e3a24d1e8320940b"},
    {file = "regex-2026.2.28-cp312-cp312-win32.whl", hash = "sha256:f8ed9a5d4612df9d4de15878f0bc6aa7a268afbe5af21a3fdd97fa19516e978c"},
    {file = "regex-2026.2.28-cp312-cp312-win_amd64.whl", hash = "sha256:01d65fd24206c8e1e97e2e31b286c59009636c022eb5d003f52760b0f42155d4"},
    {file = "regex-2026.2.28-cp312-cp312-win_arm64.whl", hash = "sha256:c0b5ccbb8ffb433939d248707d4a8b31993cb76ab1a0187ca886bf50e96df952"},
    {file = "regex-2026.2.28-cp313-cp313-macosx_10_13_universal2.whl", hash = "sha256:6d63a07e5ec8ce7184452cb00c41c37b49e67dc4f73b2955b5b8e782ea970784"},
    {file = "regex-2026.2.28-cp313-cp313-macosx_10_13_x86_64.whl", hash = "sha256:e59bc8f30414d283ae8ee1617b13d8112e7135cb92830f0ec3688cb29152585a"},
    {file = "regex-2026.2.28-cp313-cp313-macosx_11_0_arm64.whl", hash = "sha256:de0cf053139f96219ccfabb4a8dd2d217c8c82cb206c91d9f109f3f552d6b43d"},
    {file = "regex-2026.2.28-cp313-cp313-manylinux2014_aarch64.manylinux_2_17_aarch64.manylinux_2_28_aarch64.whl", hash = "sha256:fb4db2f17e6484904f986c5a657cec85574c76b5c5e61c7aae9ffa1bc6224f95"},
    {file = "regex-2026.2.28-cp313-cp313-manylinux2014_ppc64le.manylinux_2_17_ppc64le.manylinux_2_28_ppc64le.whl", hash = "sha256:52b017b35ac2214d0db5f4f90e303634dc44e4aba4bd6235a27f97ecbe5b0472"},
    {file = "regex-2026.2.28-cp313-cp313-manylinux2014_s390x.manylinux_2_17_s390x.manylinux_2_28_s390x.whl", hash = "sha256:69fc560ccbf08a09dc9b52ab69cacfae51e0ed80dc5693078bdc97db2f91ae96"},
    {file = "regex-2026.2.28-cp313-cp313-manylinux2014_x86_64.manylinux_2_17_x86_64.manylinux_2_28_x86_64.whl", hash = "sha256:e61eea47230eba62a31f3e8a0e3164d0f37ef9f40529fb2c79361bc6b53d2a92"},
    {file = "regex-2026.2.28-cp313-cp313-manylinux_2_31_riscv64.manylinux_2_39_riscv64.whl", hash = "sha256:4f5c0b182ad4269e7381b7c27fdb0408399881f7a92a4624fd5487f2971dfc11"},
    {file = "regex-2026.2.28-cp313-cp313-musllinux_1_2_aarch64.whl", hash = "sha256:96f6269a2882fbb0ee76967116b83679dc628e68eaea44e90884b8d53d833881"},
    {file = "regex-2026.2.28-cp313-cp313-musllinux_1_2_ppc64le.whl", hash = "sha256:b5acd4b6a95f37c3c3828e5d053a7d4edaedb85de551db0153754924cb7c83e3"},
    {file = "regex-2026.2.28-cp313-cp313-musllinux_1_2_riscv64.whl", hash = "sha256:2234059cfe33d9813a3677ef7667999caea9eeaa83fef98eb6ce15c6cf9e0215"},
    {file = "regex-2026.2.28-cp313-cp313-musllinux_1_2_s390x.whl", hash = "sha256:c15af43c72a7fb0c97cbc66fa36a43546eddc5c06a662b64a0cbf30d6ac40944"},
    {file = "regex-2026.2.28-cp313-cp313-musllinux_1_2_x86_64.whl", hash = "sha256:9185cc63359862a6e80fe97f696e04b0ad9a11c4ac0a4a927f979f611bfe3768"},
    {file = "regex-2026.2.28-cp313-cp313-win32.whl", hash = "sha256:fb66e5245db9652abd7196ace599b04d9c0e4aa7c8f0e2803938377835780081"},
    {file = "regex-2026.2.28-cp313-cp313-win_amd64.whl", hash = "sha256:71a911098be38c859ceb3f9a9ce43f4ed9f4c6720ad8684a066ea246b76ad9ff"},
    {file = "regex-2026.2.28-cp313-cp313-win_arm64.whl", hash = "sha256:39bb5727650b9a0275c6a6690f9bb3fe693a7e6cc5c3155b1240aedf8926423e"},
    {file = "regex-2026.2.28-cp313-cp313t-macosx_10_13_universal2.whl", hash = "sha256:97054c55db06ab020342cc0d35d6f62a465fa7662871190175f1ad6c655c028f"},
    {file = "regex-2026.2.28-cp313-cp313t-macosx_10_13_x86_64.whl", hash = "sha256:0d25a10811de831c2baa6aef3c0be91622f44dd8d31dd12e69f6398efb15e48b"},
    {file = "regex-2026.2.28-cp313-cp313t-macosx_11_0_arm64.whl", hash = "sha256:d6cfe798d8da41bb1862ed6e0cba14003d387c3c0c4a5d45591076ae9f0ce2f8"},
    {file = "regex-2026.2.28-cp313-cp313t-manylinux2014_aarch64.manylinux_2_17_aarch64.manylinux_2_28_aarch64.whl", hash = "sha256:fd0ce43e71d825b7c0661f9c54d4d74bd97c56c3fd102a8985bcfea48236bacb"},
    {file = "regex-2026.2.28-cp313-cp313t-manylinux2014_ppc64le.manylinux_2_17_ppc64le.manylinux_2_28_ppc64le.whl", hash = "sha256:00945d007fd74a9084d2ab79b695b595c6b7ba3698972fadd43e23230c6979c1"},
    {file = "regex-2026.2.28-cp313-cp313t-manylinux2014_s390x.manylinux_2_17_s390x.manylinux_2_28_s390x.whl", hash = "sha256:bec23c11cbbf09a4df32fe50d57cbdd777bc442269b6e39a1775654f1c95dee2"},
    {file = "regex-2026.2.28-cp313-cp313t-manylinux2014_x86_64.manylinux_2_17_x86_64.manylinux_2_28_x86_64.whl", hash = "sha256:5cdcc17d935c8f9d3f4db5c2ebe2640c332e3822ad5d23c2f8e0228e6947943a"},
    {file = "regex-2026.2.28-cp313-cp313t-manylinux_2_31_riscv64.manylinux_2_39_riscv64.whl", hash = "sha256:a448af01e3d8031c89c5d902040b124a5e921a25c4e5e07a861ca591ce429341"},
    {file = "regex-2026.2.28-cp313-cp313t-musllinux_1_2_aarch64.whl", hash = "sha256:10d28e19bd4888e4abf43bd3925f3c134c52fdf7259219003588a42e24c2aa25"},
    {file = "regex-2026.2.28-cp313-cp313t-musllinux_1_2_ppc64le.whl", hash = "sha256:99985a2c277dcb9ccb63f937451af5d65177af1efdeb8173ac55b61095a0a05c"},
    {file = "regex-2026.2.28-cp313-cp313t-musllinux_1_2_riscv64.whl", hash = "sha256:e1e7b24cb3ae9953a560c563045d1ba56ee4749fbd05cf21ba571069bd7be81b"},
    {file = "regex-2026.2.28-cp313-cp313t-musllinux_1_2_s390x.whl", hash = "sha256:d8511a01d0e4ee1992eb3ba19e09bc1866fe03f05129c3aec3fdc4cbc77aad3f"},
    {file = "regex-2026.2.28-cp313-cp313t-musllinux_1_2_x86_64.whl", hash = "sha256:aaffaecffcd2479ce87aa1e74076c221700b7c804e48e98e62500ee748f0f550"},
    {file = "regex-2026.2.28-cp313-cp313t-win32.whl", hash = "sha256:ef77bdde9c9eba3f7fa5b58084b29bbcc74bcf55fdbeaa67c102a35b5bd7e7cc"},
    {file = "regex-2026.2.28-cp313-cp313t-win_amd64.whl", hash = "sha256:98adf340100cbe6fbaf8e6dc75e28f2c191b1be50ffefe292fb0e6f6eefdb0d8"},
    {file = "regex-2026.2.28-cp313-cp313t-win_arm64.whl", hash = "sha256:2fb950ac1d88e6b6a9414381f403797b236f9fa17e1eee07683af72b1634207b"},
    {file = "regex-2026.2.28-cp314-cp314-macosx_10_13_universal2.whl", hash = "sha256:78454178c7df31372ea737996fb7f36b3c2c92cccc641d251e072478afb4babc"},
    {file = "regex-2026.2.28-cp314-cp314-macosx_10_13_x86_64.whl", hash = "sha256:5d10303dd18cedfd4d095543998404df656088240bcfd3cd20a8f95b861f74bd"},
    {file = "regex-2026.2.28-cp314-cp314-macosx_11_0_arm64.whl", hash = "sha256:19a9c9e0a8f24f39d575a6a854d516b48ffe4cbdcb9de55cb0570a032556ecff"},
    {file = "regex-2026.2.28-cp314-cp314-manylinux2014_aarch64.manylinux_2_17_aarch64.manylinux_2_28_aarch64.whl", hash = "sha256:09500be324f49b470d907b3ef8af9afe857f5cca486f853853f7945ddbf75911"},
    {file = "regex-2026.2.28-cp314-cp314-manylinux2014_ppc64le.manylinux_2_17_ppc64le.manylinux_2_28_ppc64le.whl", hash = "sha256:fb1c4ff62277d87a7335f2c1ea4e0387b8f2b3ad88a64efd9943906aafad4f33"},
    {file = "regex-2026.2.28-cp314-cp314-manylinux2014_s390x.manylinux_2_17_s390x.manylinux_2_28_s390x.whl", hash = "sha256:b8b3f1be1738feadc69f62daa250c933e85c6f34fa378f54a7ff43807c1b9117"},
    {file = "regex-2026.2.28-cp314-cp314-manylinux2014_x86_64.manylinux_2_17_x86_64.manylinux_2_28_x86_64.whl", hash = "sha256:dc8ed8c3f41c27acb83f7b6a9eb727a73fc6663441890c5cb3426a5f6a91ce7d"},
    {file = "regex-2026.2.28-cp314-cp314-manylinux_2_31_riscv64.manylinux_2_39_riscv64.whl", hash = "sha256:fa539be029844c0ce1114762d2952ab6cfdd7c7c9bd72e0db26b94c3c36dcc5a"},
    {file = "regex-2026.2.28-cp314-cp314-musllinux_1_2_aarch64.whl", hash = "sha256:7900157786428a79615a8264dac1f12c9b02957c473c8110c6b1f972dcecaddf"},
    {file = "regex-2026.2.28-cp314-cp314-musllinux_1_2_ppc64le.whl", hash = "sha256:0b1d2b07614d95fa2bf8a63fd1e98bd8fa2b4848dc91b1efbc8ba219fdd73952"},
    {file = "regex-2026.2.28-cp314-cp314-musllinux_1_2_riscv64.whl", hash = "sha256:b389c61aa28a79c2e0527ac36da579869c2e235a5b208a12c5b5318cda2501d8"},
    {file = "regex-2026.2.28-cp314-cp314-musllinux_1_2_s390x.whl", hash = "sha256:f467cb602f03fbd1ab1908f68b53c649ce393fde056628dc8c7e634dab6bfc07"},
    {file = "regex-2026.2.28-cp314-cp314-musllinux_1_2_x86_64.whl", hash = "sha256:e8c8cb2deba42f5ec1ede46374e990f8adc5e6456a57ac1a261b19be6f28e4e6"},
    {file = "regex-2026.2.28-cp314-cp314-win32.whl", hash = "sha256:9036b400b20e4858d56d117108d7813ed07bb7803e3eed766675862131135ca6"},
    {file = "regex-2026.2.28-cp314-cp314-win_amd64.whl", hash = "sha256:1d367257cd86c1cbb97ea94e77b373a0bbc2224976e247f173d19e8f18b4afa7"},
    {file = "regex-2026.2.28-cp314-cp314-win_arm64.whl", hash = "sha256:5e68192bb3a1d6fb2836da24aa494e413ea65853a21505e142e5b1064a595f3d"},
    {file = "regex-2026.2.28-cp314-cp314t-macosx_10_13_universal2.whl", hash = "sha256:a5dac14d0872eeb35260a8e30bac07ddf22adc1e3a0635b52b02e180d17c9c7e"},
    {file = "regex-2026.2.28-cp314-cp314t-macosx_10_13_x86_64.whl", hash = "sha256:ec0c608b7a7465ffadb344ed7c987ff2f11ee03f6a130b569aa74d8a70e8333c"},
    {file = "regex-2026.2.28-cp314-cp314t-macosx_11_0_arm64.whl", hash = "sha256:c7815afb0ca45456613fdaf60ea9c993715511c8d53a83bc468305cbc0ee23c7"},
    {file = "regex-2026.2.28-cp314-cp314t-manylinux2014_aarch64.manylinux_2_17_aarch64.manylinux_2_28_aarch64.whl", hash = "sha256:b059e71ec363968671693a78c5053bd9cb2fe410f9b8e4657e88377ebd603a2e"},
    {file = "regex-2026.2.28-cp314-cp314t-manylinux2014_ppc64le.manylinux_2_17_ppc64le.manylinux_2_28_ppc64le.whl", hash = "sha256:b8cf76f1a29f0e99dcfd7aef1551a9827588aae5a737fe31442021165f1920dc"},
    {file = "regex-2026.2.28-cp314-cp314t-manylinux2014_s390x.manylinux_2_17_s390x.manylinux_2_28_s390x.whl", hash = "sha256:180e08a435a0319e6a4821c3468da18dc7001987e1c17ae1335488dfe7518dd8"},
    {file = "regex-2026.2.28-cp314-cp314t-manylinux2014_x86_64.manylinux_2_17_x86_64.manylinux_2_28_x86_64.whl", hash = "sha256:1e496956106fd59ba6322a8ea17141a27c5040e5ee8f9433ae92d4e5204462a0"},
    {file = "regex-2026.2.28-cp314-cp314t-manylinux_2_31_riscv64.manylinux_2_39_riscv64.whl", hash = "sha256:bba2b18d70eeb7b79950f12f633beeecd923f7c9ad6f6bae28e59b4cb3ab046b"},
    {file = "regex-2026.2.28-cp314-cp314t-musllinux_1_2_aarch64.whl", hash = "sha256:6db7bfae0f8a2793ff1f7021468ea55e2699d0790eb58ee6ab36ae43aa00bc5b"},
    {file = "regex-2026.2.28-cp314-cp314t-musllinux_1_2_ppc64le.whl", hash = "sha256:d0b02e8b7e5874b48ae0f077ecca61c1a6a9f9895e9c6dfb191b55b242862033"},
    {file = "regex-2026.2.28-cp314-cp314t-musllinux_1_2_riscv64.whl", hash = "sha256:25b6eb660c5cf4b8c3407a1ed462abba26a926cc9965e164268a3267bcc06a43"},
    {file = "regex-2026.2.28-cp314-cp314t-musllinux_1_2_s390x.whl", hash = "sha256:5a932ea8ad5d0430351ff9c76c8db34db0d9f53c1d78f06022a21f4e290c5c18"},
    {file = "regex-2026.2.28-cp314-cp314t-musllinux_1_2_x86_64.whl", hash = "sha256:1c2c95e1a2b0f89d01e821ff4de1be4b5d73d1f4b0bf679fa27c1ad8d2327f1a"},
    {file = "regex-2026.2.28-cp314-cp314t-win32.whl", hash = "sha256:bbb882061f742eb5d46f2f1bd5304055be0a66b783576de3d7eef1bed4778a6e"},
    {file = "regex-2026.2.28-cp314-cp314t-win_amd64.whl", hash = "sha256:6591f281cb44dc13de9585b552cec6fc6cf47fb2fe7a48892295ee9bc4a612f9"},
    {file = "regex-2026.2.28-cp314-cp314t-win_arm64.whl", hash = "sha256:dee50f1be42222f89767b64b283283ef963189da0dda4a515aa54a5563c62dec"},
    {file = "regex-2026.2.28.tar.gz", hash = "sha256:a729e47d418ea11d03469f321aaf67cdee8954cde3ff2cf8403ab87951ad10f2"},
]

[[package]]
name = "tomli"
version = "2.4.0"
description = "A lil' TOML parser"
optional = false
python-versions = ">=3.8"
files = [
    {file = "tomli-2.4.0-cp311-cp311-macosx_10_9_x86_64.whl", hash = "sha256:b5ef256a3fd497d4973c11bf142e9ed78b150d36f5773f1ca6088c230ffc5867"},
    {file = "tomli-2.4.0-cp311-cp311-macosx_11_0_arm64.whl", hash = "sha256:5572e41282d5268eb09a697c89a7bee84fae66511f87533a6f88bd2f7b652da9"},
    {file = "tomli-2.4.0-cp311-cp311-manylinux2014_aarch64.manylinux_2_17_aarch64.manylinux_2_28_aarch64.whl", hash = "sha256:551e321c6ba03b55676970b47cb1b73f14a0a4dce6a3e1a9458fd6d921d72e95"},
    {file = "tomli-2.4.0-cp311-cp311-manylinux2014_x86_64.manylinux_2_17_x86_64.manylinux_2_28_x86_64.whl", hash = "sha256:5e3f639a7a8f10069d0e15408c0b96a2a828cfdec6fca05296ebcdcc28ca7c76"},
    {file = "tomli-2.4.0-cp311-cp311-musllinux_1_2_aarch64.whl", hash = "sha256:1b168f2731796b045128c45982d3a4874057626da0e2ef1fdd722848b741361d"},
    {file = "tomli-2.4.0-cp311-cp311-musllinux_1_2_x86_64.whl", hash = "sha256:133e93646ec4300d651839d382d63edff11d8978be23da4cc106f5a18b7d0576"},
    {file = "tomli-2.4.0-cp311-cp311-win32.whl", hash = "sha256:b6c78bdf37764092d369722d9946cb65b8767bfa4110f902a1b2542d8d173c8a"},
    {file = "tomli-2.4.0-cp311-cp311-win_amd64.whl", hash = "sha256:d3d1654e11d724760cdb37a3d7691f0be9db5fbdaef59c9f532aabf87006dbaa"},
    {file = "tomli-2.4.0-cp311-cp311-win_arm64.whl", hash = "sha256:cae9c19ed12d4e8f3ebf46d1a75090e4c0dc16271c5bce1c833ac168f08fb614"},
    {file = "tomli-2.4.0-cp312-cp312-macosx_10_13_x86_64.whl", hash = "sha256:920b1de295e72887bafa3ad9f7a792f811847d57ea6b1215154030cf131f16b1"},
    {file = "tomli-2.4.0-cp312-cp312-macosx_11_0_arm64.whl", hash = "sha256:7d6d9a4aee98fac3eab4952ad1d73aee87359452d1c086b5ceb43ed02ddb16b8"},
    {file = "tomli-2.4.0-cp312-cp312-manylinux2014_aarch64.manylinux_2_17_aarch64.manylinux_2_28_aarch64.whl", hash = "sha256:36b9d05b51e65b254ea6c2585b59d2c4cb91c8a3d91d0ed0f17591a29aaea54a"},
    {file = "tomli-2.4.0-cp312-cp312-manylinux2014_x86_64.manylinux_2_17_x86_64.manylinux_2_28_x86_64.whl", hash = "sha256:1c8a885b370751837c029ef9bc014f27d80840e48bac415f3412e6593bbc18c1"},
    {file = "tomli-2.4.0-cp312-cp312-musllinux_1_2_aarch64.whl", hash = "sha256:8768715ffc41f0008abe25d808c20c3d990f42b6e2e58305d5da280ae7d1fa3b"},
    {file = "tomli-2.4.0-cp312-cp312-musllinux_1_2_x86_64.whl", hash = "sha256:7b438885858efd5be02a9a133caf5812b8776ee0c969fea02c45e8e3f296ba51"},
    {file = "tomli-2.4.0-cp312-cp312-win32.whl", hash = "sha256:0408e3de5ec77cc7f81960c362543cbbd91ef883e3138e81b729fc3eea5b9729"},
    {file = "tomli-2.4.0-cp312-cp312-win_amd64.whl", hash = "sha256:685306e2cc7da35be4ee914fd34ab801a6acacb061b6a7abca922aaf9ad368da"},
    {file = "tomli-2.4.0-cp312-cp312-win_arm64.whl", hash = "sha256:5aa48d7c2356055feef06a43611fc401a07337d5b006be13a30f6c58f869e3c3"},
    {file = "tomli-2.4.0-cp313-cp313-macosx_10_13_x86_64.whl", hash = "sha256:84d081fbc252d1b6a982e1870660e7330fb8f90f676f6e78b052ad4e64714bf0"},
    {file = "tomli-2.4.0-cp313-cp313-macosx_11_0_arm64.whl", hash = "sha256:9a08144fa4cba33db5255f9b74f0b89888622109bd2776148f2597447f92a94e"},
    {file = "tomli-2.4.0-cp313-cp313-manylinux2014_aarch64.manylinux_2_17_aarch64.manylinux_2_28_aarch64.whl", hash = "sha256:c73add4bb52a206fd0c0723432db123c0c75c280cbd67174dd9d2db228ebb1b4"},
    {file = "tomli-2.4.0-cp313-cp313-manylinux2014_x86_64.manylinux_2_17_x86_64.manylinux_2_28_x86_64.whl", hash = "sha256:1fb2945cbe303b1419e2706e711b7113da57b7db31ee378d08712d678a34e51e"},
    {file = "tomli-2.4.0-cp313-cp313-musllinux_1_2_aarch64.whl", hash = "sha256:bbb1b10aa643d973366dc2cb1ad94f99c1726a02343d43cbc011edbfac579e7c"},
    {file = "tomli-2.4.0-cp313-cp313-musllinux_1_2_x86_64.whl", hash = "sha256:4cbcb367d44a1f0c2be408758b43e1ffb5308abe0ea222897d6bfc8e8281ef2f"},
    {file = "tomli-2.4.0-cp313-cp313-win32.whl", hash = "sha256:7d49c66a7d5e56ac959cb6fc583aff0651094ec071ba9ad43df785abc2320d86"},
    {file = "tomli-2.4.0-cp313-cp313-win_amd64.whl", hash = "sha256:3cf226acb51d8f1c394c1b310e0e0e61fecdd7adcb78d01e294ac297dd2e7f87"},
    {file = "tomli-2.4.0-cp313-cp313-win_arm64.whl", hash = "sha256:d20b797a5c1ad80c516e41bc1fb0443ddb5006e9aaa7bda2d71978346aeb9132"},
    {file = "tomli-2.4.0-cp314-cp314-macosx_10_15_x86_64.whl", hash = "sha256:26ab906a1eb794cd4e103691daa23d95c6919cc2fa9160000ac02370cc9dd3f6"},
    {file = "tomli-2.4.0-cp314-cp314-macosx_11_0_arm64.whl", hash = "sha256:20cedb4ee43278bc4f2fee6cb50daec836959aadaf948db5172e776dd3d993fc"},
    {file = "tomli-2.4.0-cp314-cp314-manylinux2014_aarch64.manylinux_2_17_aarch64.manylinux_2_28_aarch64.whl", hash = "sha256:39b0b5d1b6dd03684b3fb276407ebed7090bbec989fa55838c98560c01113b66"},
    {file = "tomli-2.4.0-cp314-cp314-manylinux2014_x86_64.manylinux_2_17_x86_64.manylinux_2_28_x86_64.whl", hash = "sha256:a26d7ff68dfdb9f87a016ecfd1e1c2bacbe3108f4e0f8bcd2228ef9a766c787d"},
    {file = "tomli-2.4.0-cp314-cp314-musllinux_1_2_aarch64.whl", hash = "sha256:20ffd184fb1df76a66e34bd1b36b4a4641bd2b82954befa32fe8163e79f1a702"},
    {file = "tomli-2.4.0-cp314-cp314-musllinux_1_2_x86_64.whl", hash = "sha256:75c2f8bbddf170e8effc98f5e9084a8751f8174ea6ccf4fca5398436e0320bc8"},
    {file = "tomli-2.4.0-cp314-cp314-win32.whl", hash = "sha256:31d556d079d72db7c584c0627ff3a24c5d3fb4f730221d3444f3efb1b2514776"},
    {file = "tomli-2.4.0-cp314-cp314-win_amd64.whl", hash = "sha256:43e685b9b2341681907759cf3a04e14d7104b3580f808cfde1dfdb60ada85475"},
    {file = "tomli-2.4.0-cp314-cp314-win_arm64.whl", hash = "sha256:3d895d56bd3f82ddd6faaff993c275efc2ff38e52322ea264122d72729dca2b2"},
    {file = "tomli-2.4.0-cp314-cp314t-macosx_10_15_x86_64.whl", hash = "sha256:5b5807f3999fb66776dbce568cc9a828544244a8eb84b84b9bafc080c99597b9"},
    {file = "tomli-2.4.0-cp314-cp314t-macosx_11_0_arm64.whl", hash = "sha256:c084ad935abe686bd9c898e62a02a19abfc9760b5a79bc29644463eaf2840cb0"},
    {file = "tomli-2.4.0-cp314-cp314t-manylinux2014_aarch64.manylinux_2_17_aarch64.manylinux_2_28_aarch64.whl", hash = "sha256:0f2e3955efea4d1cfbcb87bc321e00dc08d2bcb737fd1d5e398af111d86db5df"},
    {file = "tomli-2.4.0-cp314-cp314t-manylinux2014_x86_64.manylinux_2_17_x86_64.manylinux_2_28_x86_64.whl", hash = "sha256:0e0fe8a0b8312acf3a88077a0802565cb09ee34107813bba1c7cd591fa6cfc8d"},
    {file = "tomli-2.4.0-cp314-cp314t-musllinux_1_2_aarch64.whl", hash = "sha256:413540dce94673591859c4c6f794dfeaa845e98bf35d72ed59636f869ef9f86f"},
    {file = "tomli-2.4.0-cp314-cp314t-musllinux_1_2_x86_64.whl", hash = "sha256:0dc56fef0e2c1c470aeac5b6ca8cc7b640bb93e92d9803ddaf9ea03e198f5b0b"},
    {file = "tomli-2.4.0-cp314-cp314t-win32.whl", hash = "sha256:d878f2a6707cc9d53a1be1414bbb419e629c3d6e67f69230217bb663e76b5087"},
    {file = "tomli-2.4.0-cp314-cp314t-win_amd64.whl", hash = "sha256:2add28aacc7425117ff6364fe9e06a183bb0251b03f986df0e78e974047571fd"},
    {file = "tomli-2.4.0-cp314-cp314t-win_arm64.whl", hash = "sha256:2b1e3b80e1d5e52e40e9b924ec43d81570f0e7d09d11081b797bc4692765a3d4"},
    {file = "tomli-2.4.0-py3-none-any.whl", hash = "sha256:1f776e7d669ebceb01dee46484485f43a4048746235e683bcdffacdf1fb4785a"},
    {file = "tomli-2.4.0.tar.gz", hash = "sha256:aa89c3f6c277dd275d8e243ad24f3b5e701491a860d5121f2cdd399fbb31fc9c"},
]

[[package]]
name = "typing-extensions"
version = "4.15.0"
description = "Backported and Experimental Type Hints for Python 3.9+"
optional = false
python-versions = ">=3.9"
files = [
    {file = "typing_extensions-4.15.0-py3-none-any.whl", hash = "sha256:f0fa19c6845758ab08074a0cfa8b7aecb71c999ca73d62883bc25cc018c4e548"},
    {file = "typing_extensions-4.15.0.tar.gz", hash = "sha256:0cea48d173cc12fa28ecabc3b837ea3cf6f38c6d1136f85cbaaf598984861466"},
]

[metadata]
lock-version = "2.0"
python-versions = ">=3.10"
content-hash = "79b237855245a8d317e6282703bc4e665115ef0f8604a38e8538e23fbe98e9f9"
